// !$*UTF8*$!
{
	archiveVersion = 1;
	classes = {
	};
	objectVersion = 51;
	objects = {

/* Begin PBXBuildFile section */
		072F701114399F48C9AB4C2F /* Pods_Dont_Forget_Dont_ForgetUITests.framework in Frameworks */ = {isa = PBXBuildFile; fileRef = A4AA6BA10DBF457AF4F50114 /* Pods_Dont_Forget_Dont_ForgetUITests.framework */; };
		94FBEB3ED4822C2FAB2DEDEE /* Pods_Dont_ForgetTests.framework in Frameworks */ = {isa = PBXBuildFile; fileRef = C02C87FCA5991F8AEE8CB889 /* Pods_Dont_ForgetTests.framework */; };
		A8D689A6EC8AFF87A12DCDE3 /* Pods_Dont_Forget.framework in Frameworks */ = {isa = PBXBuildFile; fileRef = 980687B8A07F7F421F83E3F9 /* Pods_Dont_Forget.framework */; };
		BB48D51A2503DFC2008A457E /* Auth.storyboard in Resources */ = {isa = PBXBuildFile; fileRef = BB48D5192503DFC2008A457E /* Auth.storyboard */; };
		BB48D5222503F798008A457E /* Utilities.swift in Sources */ = {isa = PBXBuildFile; fileRef = BB48D5212503F798008A457E /* Utilities.swift */; };
		BB4A86B0250735150004BD21 /* Nexa Bold.otf in Resources */ = {isa = PBXBuildFile; fileRef = BB4A86AE250735130004BD21 /* Nexa Bold.otf */; };
		BB4A86B1250735150004BD21 /* Nexa Light.otf in Resources */ = {isa = PBXBuildFile; fileRef = BB4A86AF250735150004BD21 /* Nexa Light.otf */; };
		BB4A86B62507364B0004BD21 /* PlayfairDisplay-Medium.ttf in Resources */ = {isa = PBXBuildFile; fileRef = BB4A86B2250736440004BD21 /* PlayfairDisplay-Medium.ttf */; };
		BB4A86B72507364B0004BD21 /* PlayfairDisplay-SemiBold.ttf in Resources */ = {isa = PBXBuildFile; fileRef = BB4A86B3250736460004BD21 /* PlayfairDisplay-SemiBold.ttf */; };
		BB4A86B82507364B0004BD21 /* PlayfairDisplay-Bold.ttf in Resources */ = {isa = PBXBuildFile; fileRef = BB4A86B4250736480004BD21 /* PlayfairDisplay-Bold.ttf */; };
		BB4A86B92507364B0004BD21 /* PlayfairDisplay-Regular.ttf in Resources */ = {isa = PBXBuildFile; fileRef = BB4A86B52507364A0004BD21 /* PlayfairDisplay-Regular.ttf */; };
		BB55EE402505597F00D0BD55 /* AddTaskViewController.swift in Sources */ = {isa = PBXBuildFile; fileRef = BB55EE3F2505597F00D0BD55 /* AddTaskViewController.swift */; };
		BB5BAA3A250877BC009F62CC /* SectionDetailTableViewCell.swift in Sources */ = {isa = PBXBuildFile; fileRef = BB5BAA39250877BC009F62CC /* SectionDetailTableViewCell.swift */; };
		BB6BD64125040BF500D0D19C /* OnboardViewController.swift in Sources */ = {isa = PBXBuildFile; fileRef = BB6BD64025040BF500D0D19C /* OnboardViewController.swift */; };
		BB702A642505701800115EDA /* SectionDetailViewController.swift in Sources */ = {isa = PBXBuildFile; fileRef = BB702A632505701800115EDA /* SectionDetailViewController.swift */; };
		BB702A682505893300115EDA /* ReminderCollectionViewCell.swift in Sources */ = {isa = PBXBuildFile; fileRef = BB702A672505893300115EDA /* ReminderCollectionViewCell.swift */; };
		BB702A6A2505E91400115EDA /* SelectSectionCollectionViewCell.swift in Sources */ = {isa = PBXBuildFile; fileRef = BB702A692505E91400115EDA /* SelectSectionCollectionViewCell.swift */; };
		BB74F26C2505238A00F7809C /* CoreDataManager.swift in Sources */ = {isa = PBXBuildFile; fileRef = BB74F26B2505238A00F7809C /* CoreDataManager.swift */; };
		BBE8F3372503D8B7005AA922 /* AppDelegate.swift in Sources */ = {isa = PBXBuildFile; fileRef = BBE8F3362503D8B7005AA922 /* AppDelegate.swift */; };
		BBE8F3392503D8B7005AA922 /* SceneDelegate.swift in Sources */ = {isa = PBXBuildFile; fileRef = BBE8F3382503D8B7005AA922 /* SceneDelegate.swift */; };
		BBE8F33E2503D8B7005AA922 /* Main.storyboard in Resources */ = {isa = PBXBuildFile; fileRef = BBE8F33C2503D8B7005AA922 /* Main.storyboard */; };
		BBE8F3412503D8B7005AA922 /* Dont_Forget.xcdatamodeld in Sources */ = {isa = PBXBuildFile; fileRef = BBE8F33F2503D8B7005AA922 /* Dont_Forget.xcdatamodeld */; };
		BBE8F3432503D8B7005AA922 /* Assets.xcassets in Resources */ = {isa = PBXBuildFile; fileRef = BBE8F3422503D8B7005AA922 /* Assets.xcassets */; };
		BBE8F3462503D8B7005AA922 /* LaunchScreen.storyboard in Resources */ = {isa = PBXBuildFile; fileRef = BBE8F3442503D8B7005AA922 /* LaunchScreen.storyboard */; };
		BBE8F3512503D8B7005AA922 /* Dont_ForgetTests.swift in Sources */ = {isa = PBXBuildFile; fileRef = BBE8F3502503D8B7005AA922 /* Dont_ForgetTests.swift */; };
		BBE8F35C2503D8B7005AA922 /* Dont_ForgetUITests.swift in Sources */ = {isa = PBXBuildFile; fileRef = BBE8F35B2503D8B7005AA922 /* Dont_ForgetUITests.swift */; };
		BBE8F36C2503D917005AA922 /* GoogleService-Info.plist in Resources */ = {isa = PBXBuildFile; fileRef = BBE8F36B2503D917005AA922 /* GoogleService-Info.plist */; };
		BBEE911C2504396100E0A904 /* HomeViewController.swift in Sources */ = {isa = PBXBuildFile; fileRef = BBEE911B2504396100E0A904 /* HomeViewController.swift */; };
/* End PBXBuildFile section */

/* Begin PBXContainerItemProxy section */
		BBE8F34D2503D8B7005AA922 /* PBXContainerItemProxy */ = {
			isa = PBXContainerItemProxy;
			containerPortal = BBE8F32B2503D8B7005AA922 /* Project object */;
			proxyType = 1;
			remoteGlobalIDString = BBE8F3322503D8B7005AA922;
			remoteInfo = Dont_Forget;
		};
		BBE8F3582503D8B7005AA922 /* PBXContainerItemProxy */ = {
			isa = PBXContainerItemProxy;
			containerPortal = BBE8F32B2503D8B7005AA922 /* Project object */;
			proxyType = 1;
			remoteGlobalIDString = BBE8F3322503D8B7005AA922;
			remoteInfo = Dont_Forget;
		};
/* End PBXContainerItemProxy section */

/* Begin PBXFileReference section */
		02ADAB756F7C4A6FBE91C19E /* Pods-Dont_Forget.debug.xcconfig */ = {isa = PBXFileReference; includeInIndex = 1; lastKnownFileType = text.xcconfig; name = "Pods-Dont_Forget.debug.xcconfig"; path = "Target Support Files/Pods-Dont_Forget/Pods-Dont_Forget.debug.xcconfig"; sourceTree = "<group>"; };
		342878B79B543ECA07880AA9 /* Pods-Dont_ForgetTests.debug.xcconfig */ = {isa = PBXFileReference; includeInIndex = 1; lastKnownFileType = text.xcconfig; name = "Pods-Dont_ForgetTests.debug.xcconfig"; path = "Target Support Files/Pods-Dont_ForgetTests/Pods-Dont_ForgetTests.debug.xcconfig"; sourceTree = "<group>"; };
		34F69848D6F2821CF5ED7BEC /* Pods-Dont_Forget-Dont_ForgetUITests.debug.xcconfig */ = {isa = PBXFileReference; includeInIndex = 1; lastKnownFileType = text.xcconfig; name = "Pods-Dont_Forget-Dont_ForgetUITests.debug.xcconfig"; path = "Target Support Files/Pods-Dont_Forget-Dont_ForgetUITests/Pods-Dont_Forget-Dont_ForgetUITests.debug.xcconfig"; sourceTree = "<group>"; };
		4D85BF41B03DBCD2F7B96BD4 /* Pods-Dont_ForgetTests.release.xcconfig */ = {isa = PBXFileReference; includeInIndex = 1; lastKnownFileType = text.xcconfig; name = "Pods-Dont_ForgetTests.release.xcconfig"; path = "Target Support Files/Pods-Dont_ForgetTests/Pods-Dont_ForgetTests.release.xcconfig"; sourceTree = "<group>"; };
		71D30C5DF3A33D313CE442EB /* Pods-Dont_Forget-Dont_ForgetUITests.release.xcconfig */ = {isa = PBXFileReference; includeInIndex = 1; lastKnownFileType = text.xcconfig; name = "Pods-Dont_Forget-Dont_ForgetUITests.release.xcconfig"; path = "Target Support Files/Pods-Dont_Forget-Dont_ForgetUITests/Pods-Dont_Forget-Dont_ForgetUITests.release.xcconfig"; sourceTree = "<group>"; };
		980687B8A07F7F421F83E3F9 /* Pods_Dont_Forget.framework */ = {isa = PBXFileReference; explicitFileType = wrapper.framework; includeInIndex = 0; path = Pods_Dont_Forget.framework; sourceTree = BUILT_PRODUCTS_DIR; };
		A4AA6BA10DBF457AF4F50114 /* Pods_Dont_Forget_Dont_ForgetUITests.framework */ = {isa = PBXFileReference; explicitFileType = wrapper.framework; includeInIndex = 0; path = Pods_Dont_Forget_Dont_ForgetUITests.framework; sourceTree = BUILT_PRODUCTS_DIR; };
		AE5B4B6E307C7DB1B33C10B9 /* Pods-Dont_Forget.release.xcconfig */ = {isa = PBXFileReference; includeInIndex = 1; lastKnownFileType = text.xcconfig; name = "Pods-Dont_Forget.release.xcconfig"; path = "Target Support Files/Pods-Dont_Forget/Pods-Dont_Forget.release.xcconfig"; sourceTree = "<group>"; };
		BB48D5192503DFC2008A457E /* Auth.storyboard */ = {isa = PBXFileReference; lastKnownFileType = file.storyboard; path = Auth.storyboard; sourceTree = "<group>"; };
		BB48D5212503F798008A457E /* Utilities.swift */ = {isa = PBXFileReference; lastKnownFileType = sourcecode.swift; path = Utilities.swift; sourceTree = "<group>"; };
		BB4A86AE250735130004BD21 /* Nexa Bold.otf */ = {isa = PBXFileReference; lastKnownFileType = file; path = "Nexa Bold.otf"; sourceTree = "<group>"; };
		BB4A86AF250735150004BD21 /* Nexa Light.otf */ = {isa = PBXFileReference; lastKnownFileType = file; path = "Nexa Light.otf"; sourceTree = "<group>"; };
		BB4A86B2250736440004BD21 /* PlayfairDisplay-Medium.ttf */ = {isa = PBXFileReference; lastKnownFileType = file; path = "PlayfairDisplay-Medium.ttf"; sourceTree = "<group>"; };
		BB4A86B3250736460004BD21 /* PlayfairDisplay-SemiBold.ttf */ = {isa = PBXFileReference; lastKnownFileType = file; path = "PlayfairDisplay-SemiBold.ttf"; sourceTree = "<group>"; };
		BB4A86B4250736480004BD21 /* PlayfairDisplay-Bold.ttf */ = {isa = PBXFileReference; lastKnownFileType = file; path = "PlayfairDisplay-Bold.ttf"; sourceTree = "<group>"; };
		BB4A86B52507364A0004BD21 /* PlayfairDisplay-Regular.ttf */ = {isa = PBXFileReference; lastKnownFileType = file; path = "PlayfairDisplay-Regular.ttf"; sourceTree = "<group>"; };
		BB55EE3F2505597F00D0BD55 /* AddTaskViewController.swift */ = {isa = PBXFileReference; lastKnownFileType = sourcecode.swift; path = AddTaskViewController.swift; sourceTree = "<group>"; };
		BB5BAA39250877BC009F62CC /* SectionDetailTableViewCell.swift */ = {isa = PBXFileReference; lastKnownFileType = sourcecode.swift; path = SectionDetailTableViewCell.swift; sourceTree = "<group>"; };
		BB6BD64025040BF500D0D19C /* OnboardViewController.swift */ = {isa = PBXFileReference; lastKnownFileType = sourcecode.swift; path = OnboardViewController.swift; sourceTree = "<group>"; };
		BB702A632505701800115EDA /* SectionDetailViewController.swift */ = {isa = PBXFileReference; lastKnownFileType = sourcecode.swift; path = SectionDetailViewController.swift; sourceTree = "<group>"; };
		BB702A672505893300115EDA /* ReminderCollectionViewCell.swift */ = {isa = PBXFileReference; lastKnownFileType = sourcecode.swift; path = ReminderCollectionViewCell.swift; sourceTree = "<group>"; };
		BB702A692505E91400115EDA /* SelectSectionCollectionViewCell.swift */ = {isa = PBXFileReference; lastKnownFileType = sourcecode.swift; path = SelectSectionCollectionViewCell.swift; sourceTree = "<group>"; };
		BB74F26B2505238A00F7809C /* CoreDataManager.swift */ = {isa = PBXFileReference; lastKnownFileType = sourcecode.swift; path = CoreDataManager.swift; sourceTree = "<group>"; };
		BBE8F3332503D8B7005AA922 /* Dont_Forget.app */ = {isa = PBXFileReference; explicitFileType = wrapper.application; includeInIndex = 0; path = Dont_Forget.app; sourceTree = BUILT_PRODUCTS_DIR; };
		BBE8F3362503D8B7005AA922 /* AppDelegate.swift */ = {isa = PBXFileReference; lastKnownFileType = sourcecode.swift; path = AppDelegate.swift; sourceTree = "<group>"; };
		BBE8F3382503D8B7005AA922 /* SceneDelegate.swift */ = {isa = PBXFileReference; lastKnownFileType = sourcecode.swift; path = SceneDelegate.swift; sourceTree = "<group>"; };
		BBE8F33D2503D8B7005AA922 /* Base */ = {isa = PBXFileReference; lastKnownFileType = file.storyboard; name = Base; path = Base.lproj/Main.storyboard; sourceTree = "<group>"; };
		BBE8F3402503D8B7005AA922 /* Dont_Forget.xcdatamodel */ = {isa = PBXFileReference; lastKnownFileType = wrapper.xcdatamodel; path = Dont_Forget.xcdatamodel; sourceTree = "<group>"; };
		BBE8F3422503D8B7005AA922 /* Assets.xcassets */ = {isa = PBXFileReference; lastKnownFileType = folder.assetcatalog; path = Assets.xcassets; sourceTree = "<group>"; };
		BBE8F3452503D8B7005AA922 /* Base */ = {isa = PBXFileReference; lastKnownFileType = file.storyboard; name = Base; path = Base.lproj/LaunchScreen.storyboard; sourceTree = "<group>"; };
		BBE8F3472503D8B7005AA922 /* Info.plist */ = {isa = PBXFileReference; lastKnownFileType = text.plist.xml; path = Info.plist; sourceTree = "<group>"; };
		BBE8F34C2503D8B7005AA922 /* Dont_ForgetTests.xctest */ = {isa = PBXFileReference; explicitFileType = wrapper.cfbundle; includeInIndex = 0; path = Dont_ForgetTests.xctest; sourceTree = BUILT_PRODUCTS_DIR; };
		BBE8F3502503D8B7005AA922 /* Dont_ForgetTests.swift */ = {isa = PBXFileReference; lastKnownFileType = sourcecode.swift; path = Dont_ForgetTests.swift; sourceTree = "<group>"; };
		BBE8F3522503D8B7005AA922 /* Info.plist */ = {isa = PBXFileReference; lastKnownFileType = text.plist.xml; path = Info.plist; sourceTree = "<group>"; };
		BBE8F3572503D8B7005AA922 /* Dont_ForgetUITests.xctest */ = {isa = PBXFileReference; explicitFileType = wrapper.cfbundle; includeInIndex = 0; path = Dont_ForgetUITests.xctest; sourceTree = BUILT_PRODUCTS_DIR; };
		BBE8F35B2503D8B7005AA922 /* Dont_ForgetUITests.swift */ = {isa = PBXFileReference; lastKnownFileType = sourcecode.swift; path = Dont_ForgetUITests.swift; sourceTree = "<group>"; };
		BBE8F35D2503D8B8005AA922 /* Info.plist */ = {isa = PBXFileReference; lastKnownFileType = text.plist.xml; path = Info.plist; sourceTree = "<group>"; };
		BBE8F36B2503D917005AA922 /* GoogleService-Info.plist */ = {isa = PBXFileReference; fileEncoding = 4; lastKnownFileType = text.plist.xml; path = "GoogleService-Info.plist"; sourceTree = "<group>"; };
		BBEE911B2504396100E0A904 /* HomeViewController.swift */ = {isa = PBXFileReference; lastKnownFileType = sourcecode.swift; path = HomeViewController.swift; sourceTree = "<group>"; };
		C02C87FCA5991F8AEE8CB889 /* Pods_Dont_ForgetTests.framework */ = {isa = PBXFileReference; explicitFileType = wrapper.framework; includeInIndex = 0; path = Pods_Dont_ForgetTests.framework; sourceTree = BUILT_PRODUCTS_DIR; };
/* End PBXFileReference section */

/* Begin PBXFrameworksBuildPhase section */
		BBE8F3302503D8B7005AA922 /* Frameworks */ = {
			isa = PBXFrameworksBuildPhase;
			buildActionMask = 2147483647;
			files = (
				A8D689A6EC8AFF87A12DCDE3 /* Pods_Dont_Forget.framework in Frameworks */,
			);
			runOnlyForDeploymentPostprocessing = 0;
		};
		BBE8F3492503D8B7005AA922 /* Frameworks */ = {
			isa = PBXFrameworksBuildPhase;
			buildActionMask = 2147483647;
			files = (
				94FBEB3ED4822C2FAB2DEDEE /* Pods_Dont_ForgetTests.framework in Frameworks */,
			);
			runOnlyForDeploymentPostprocessing = 0;
		};
		BBE8F3542503D8B7005AA922 /* Frameworks */ = {
			isa = PBXFrameworksBuildPhase;
			buildActionMask = 2147483647;
			files = (
				072F701114399F48C9AB4C2F /* Pods_Dont_Forget_Dont_ForgetUITests.framework in Frameworks */,
			);
			runOnlyForDeploymentPostprocessing = 0;
		};
/* End PBXFrameworksBuildPhase section */

/* Begin PBXGroup section */
		430B113E753722738EB8F64A /* Frameworks */ = {
			isa = PBXGroup;
			children = (
				980687B8A07F7F421F83E3F9 /* Pods_Dont_Forget.framework */,
				A4AA6BA10DBF457AF4F50114 /* Pods_Dont_Forget_Dont_ForgetUITests.framework */,
				C02C87FCA5991F8AEE8CB889 /* Pods_Dont_ForgetTests.framework */,
			);
			name = Frameworks;
			sourceTree = "<group>";
		};
		BB292E3B25071E5900AE9D3E /* Main Scene */ = {
			isa = PBXGroup;
			children = (
				BBEE911B2504396100E0A904 /* HomeViewController.swift */,
				BB702A672505893300115EDA /* ReminderCollectionViewCell.swift */,
			);
			path = "Main Scene";
			sourceTree = "<group>";
		};
		BB292E3C25071E8400AE9D3E /* Add Task Scene */ = {
			isa = PBXGroup;
			children = (
				BB55EE3F2505597F00D0BD55 /* AddTaskViewController.swift */,
				BB702A692505E91400115EDA /* SelectSectionCollectionViewCell.swift */,
			);
			path = "Add Task Scene";
			sourceTree = "<group>";
		};
		BB292E3D25071E9000AE9D3E /* Task Detail  */ = {
			isa = PBXGroup;
			children = (
				BB702A632505701800115EDA /* SectionDetailViewController.swift */,
				BB5BAA39250877BC009F62CC /* SectionDetailTableViewCell.swift */,
			);
			path = "Task Detail ";
			sourceTree = "<group>";
		};
		BB48D51B2503DFF5008A457E /* Auth */ = {
			isa = PBXGroup;
			children = (
				BB48D5192503DFC2008A457E /* Auth.storyboard */,
				BB6BD64025040BF500D0D19C /* OnboardViewController.swift */,
				BB74F26A2505225900F7809C /* Core Data */,
			);
			path = Auth;
			sourceTree = "<group>";
		};
		BB48D5202503F78B008A457E /* Helpers */ = {
			isa = PBXGroup;
			children = (
				BB48D5212503F798008A457E /* Utilities.swift */,
			);
			path = Helpers;
			sourceTree = "<group>";
		};
		BB74F26A2505225900F7809C /* Core Data */ = {
			isa = PBXGroup;
			children = (
				BBE8F33F2503D8B7005AA922 /* Dont_Forget.xcdatamodeld */,
				BB74F26B2505238A00F7809C /* CoreDataManager.swift */,
			);
			path = "Core Data";
			sourceTree = "<group>";
		};
		BBE8F32A2503D8B7005AA922 = {
			isa = PBXGroup;
			children = (
				BBE8F3352503D8B7005AA922 /* Dont_Forget */,
				BBE8F34F2503D8B7005AA922 /* Dont_ForgetTests */,
				BBE8F35A2503D8B7005AA922 /* Dont_ForgetUITests */,
				BBE8F3342503D8B7005AA922 /* Products */,
				F26FDEB84CC3E76221818F8A /* Pods */,
				430B113E753722738EB8F64A /* Frameworks */,
			);
			sourceTree = "<group>";
		};
		BBE8F3342503D8B7005AA922 /* Products */ = {
			isa = PBXGroup;
			children = (
				BBE8F3332503D8B7005AA922 /* Dont_Forget.app */,
				BBE8F34C2503D8B7005AA922 /* Dont_ForgetTests.xctest */,
				BBE8F3572503D8B7005AA922 /* Dont_ForgetUITests.xctest */,
			);
			name = Products;
			sourceTree = "<group>";
		};
		BBE8F3352503D8B7005AA922 /* Dont_Forget */ = {
			isa = PBXGroup;
			children = (
				BBE8F36B2503D917005AA922 /* GoogleService-Info.plist */,
				BBE8F3472503D8B7005AA922 /* Info.plist */,
				BB4A86AE250735130004BD21 /* Nexa Bold.otf */,
				BB4A86B4250736480004BD21 /* PlayfairDisplay-Bold.ttf */,
				BB4A86B2250736440004BD21 /* PlayfairDisplay-Medium.ttf */,
				BB4A86B52507364A0004BD21 /* PlayfairDisplay-Regular.ttf */,
				BB4A86B3250736460004BD21 /* PlayfairDisplay-SemiBold.ttf */,
				BB4A86AF250735150004BD21 /* Nexa Light.otf */,
				BBE8F36A2503D8E6005AA922 /* App Resources */,
				BB48D5202503F78B008A457E /* Helpers */,
				BBE8F3692503D8CE005AA922 /* Scenes */,
			);
			path = Dont_Forget;
			sourceTree = "<group>";
		};
		BBE8F34F2503D8B7005AA922 /* Dont_ForgetTests */ = {
			isa = PBXGroup;
			children = (
				BBE8F3502503D8B7005AA922 /* Dont_ForgetTests.swift */,
				BBE8F3522503D8B7005AA922 /* Info.plist */,
			);
			path = Dont_ForgetTests;
			sourceTree = "<group>";
		};
		BBE8F35A2503D8B7005AA922 /* Dont_ForgetUITests */ = {
			isa = PBXGroup;
			children = (
				BBE8F35B2503D8B7005AA922 /* Dont_ForgetUITests.swift */,
				BBE8F35D2503D8B8005AA922 /* Info.plist */,
			);
			path = Dont_ForgetUITests;
			sourceTree = "<group>";
		};
		BBE8F3692503D8CE005AA922 /* Scenes */ = {
			isa = PBXGroup;
			children = (
				BBEE911A25042B5100E0A904 /* Main */,
				BBE8F3442503D8B7005AA922 /* LaunchScreen.storyboard */,
				BB48D51B2503DFF5008A457E /* Auth */,
			);
			path = Scenes;
			sourceTree = "<group>";
		};
		BBE8F36A2503D8E6005AA922 /* App Resources */ = {
			isa = PBXGroup;
			children = (
				BBE8F3362503D8B7005AA922 /* AppDelegate.swift */,
				BBE8F3382503D8B7005AA922 /* SceneDelegate.swift */,
				BBE8F3422503D8B7005AA922 /* Assets.xcassets */,
			);
			path = "App Resources";
			sourceTree = "<group>";
		};
		BBEE911A25042B5100E0A904 /* Main */ = {
			isa = PBXGroup;
			children = (
				BBE8F33C2503D8B7005AA922 /* Main.storyboard */,
				BB292E3B25071E5900AE9D3E /* Main Scene */,
				BB292E3C25071E8400AE9D3E /* Add Task Scene */,
				BB292E3D25071E9000AE9D3E /* Task Detail  */,
			);
			path = Main;
			sourceTree = "<group>";
		};
		F26FDEB84CC3E76221818F8A /* Pods */ = {
			isa = PBXGroup;
			children = (
				02ADAB756F7C4A6FBE91C19E /* Pods-Dont_Forget.debug.xcconfig */,
				AE5B4B6E307C7DB1B33C10B9 /* Pods-Dont_Forget.release.xcconfig */,
				34F69848D6F2821CF5ED7BEC /* Pods-Dont_Forget-Dont_ForgetUITests.debug.xcconfig */,
				71D30C5DF3A33D313CE442EB /* Pods-Dont_Forget-Dont_ForgetUITests.release.xcconfig */,
				342878B79B543ECA07880AA9 /* Pods-Dont_ForgetTests.debug.xcconfig */,
				4D85BF41B03DBCD2F7B96BD4 /* Pods-Dont_ForgetTests.release.xcconfig */,
			);
			path = Pods;
			sourceTree = "<group>";
		};
/* End PBXGroup section */

/* Begin PBXNativeTarget section */
		BBE8F3322503D8B7005AA922 /* Dont_Forget */ = {
			isa = PBXNativeTarget;
			buildConfigurationList = BBE8F3602503D8B8005AA922 /* Build configuration list for PBXNativeTarget "Dont_Forget" */;
			buildPhases = (
				328096BC761AF0E05AFF08F3 /* [CP] Check Pods Manifest.lock */,
				BBE8F32F2503D8B7005AA922 /* Sources */,
				BBE8F3302503D8B7005AA922 /* Frameworks */,
				BBE8F3312503D8B7005AA922 /* Resources */,
				8FDA583BDC98D0E7980B7FD4 /* [CP] Embed Pods Frameworks */,
			);
			buildRules = (
			);
			dependencies = (
			);
			name = Dont_Forget;
			productName = Dont_Forget;
			productReference = BBE8F3332503D8B7005AA922 /* Dont_Forget.app */;
			productType = "com.apple.product-type.application";
		};
		BBE8F34B2503D8B7005AA922 /* Dont_ForgetTests */ = {
			isa = PBXNativeTarget;
			buildConfigurationList = BBE8F3632503D8B8005AA922 /* Build configuration list for PBXNativeTarget "Dont_ForgetTests" */;
			buildPhases = (
				C2C74E9B7733FF2D86C61883 /* [CP] Check Pods Manifest.lock */,
				BBE8F3482503D8B7005AA922 /* Sources */,
				BBE8F3492503D8B7005AA922 /* Frameworks */,
				BBE8F34A2503D8B7005AA922 /* Resources */,
			);
			buildRules = (
			);
			dependencies = (
				BBE8F34E2503D8B7005AA922 /* PBXTargetDependency */,
			);
			name = Dont_ForgetTests;
			productName = Dont_ForgetTests;
			productReference = BBE8F34C2503D8B7005AA922 /* Dont_ForgetTests.xctest */;
			productType = "com.apple.product-type.bundle.unit-test";
		};
		BBE8F3562503D8B7005AA922 /* Dont_ForgetUITests */ = {
			isa = PBXNativeTarget;
			buildConfigurationList = BBE8F3662503D8B8005AA922 /* Build configuration list for PBXNativeTarget "Dont_ForgetUITests" */;
			buildPhases = (
				B749A8EE2CDA8B3455B9A7B2 /* [CP] Check Pods Manifest.lock */,
				BBE8F3532503D8B7005AA922 /* Sources */,
				BBE8F3542503D8B7005AA922 /* Frameworks */,
				BBE8F3552503D8B7005AA922 /* Resources */,
				F0DC461B5E026C7D593891AC /* [CP] Embed Pods Frameworks */,
			);
			buildRules = (
			);
			dependencies = (
				BBE8F3592503D8B7005AA922 /* PBXTargetDependency */,
			);
			name = Dont_ForgetUITests;
			productName = Dont_ForgetUITests;
			productReference = BBE8F3572503D8B7005AA922 /* Dont_ForgetUITests.xctest */;
			productType = "com.apple.product-type.bundle.ui-testing";
		};
/* End PBXNativeTarget section */

/* Begin PBXProject section */
		BBE8F32B2503D8B7005AA922 /* Project object */ = {
			isa = PBXProject;
			attributes = {
				LastSwiftUpdateCheck = 1170;
				LastUpgradeCheck = 1170;
				ORGANIZATIONNAME = "Joseph Veverka";
				TargetAttributes = {
					BBE8F3322503D8B7005AA922 = {
						CreatedOnToolsVersion = 11.7;
					};
					BBE8F34B2503D8B7005AA922 = {
						CreatedOnToolsVersion = 11.7;
						TestTargetID = BBE8F3322503D8B7005AA922;
					};
					BBE8F3562503D8B7005AA922 = {
						CreatedOnToolsVersion = 11.7;
						TestTargetID = BBE8F3322503D8B7005AA922;
					};
				};
			};
			buildConfigurationList = BBE8F32E2503D8B7005AA922 /* Build configuration list for PBXProject "Dont_Forget" */;
			compatibilityVersion = "Xcode 9.3";
			developmentRegion = en;
			hasScannedForEncodings = 0;
			knownRegions = (
				en,
				Base,
			);
			mainGroup = BBE8F32A2503D8B7005AA922;
			productRefGroup = BBE8F3342503D8B7005AA922 /* Products */;
			projectDirPath = "";
			projectRoot = "";
			targets = (
				BBE8F3322503D8B7005AA922 /* Dont_Forget */,
				BBE8F34B2503D8B7005AA922 /* Dont_ForgetTests */,
				BBE8F3562503D8B7005AA922 /* Dont_ForgetUITests */,
			);
		};
/* End PBXProject section */

/* Begin PBXResourcesBuildPhase section */
		BBE8F3312503D8B7005AA922 /* Resources */ = {
			isa = PBXResourcesBuildPhase;
			buildActionMask = 2147483647;
			files = (
				BBE8F3462503D8B7005AA922 /* LaunchScreen.storyboard in Resources */,
				BB4A86B0250735150004BD21 /* Nexa Bold.otf in Resources */,
				BB4A86B62507364B0004BD21 /* PlayfairDisplay-Medium.ttf in Resources */,
				BBE8F3432503D8B7005AA922 /* Assets.xcassets in Resources */,
				BB48D51A2503DFC2008A457E /* Auth.storyboard in Resources */,
				BBE8F33E2503D8B7005AA922 /* Main.storyboard in Resources */,
				BBE8F36C2503D917005AA922 /* GoogleService-Info.plist in Resources */,
				BB4A86B92507364B0004BD21 /* PlayfairDisplay-Regular.ttf in Resources */,
				BB4A86B1250735150004BD21 /* Nexa Light.otf in Resources */,
				BB4A86B82507364B0004BD21 /* PlayfairDisplay-Bold.ttf in Resources */,
				BB4A86B72507364B0004BD21 /* PlayfairDisplay-SemiBold.ttf in Resources */,
			);
			runOnlyForDeploymentPostprocessing = 0;
		};
		BBE8F34A2503D8B7005AA922 /* Resources */ = {
			isa = PBXResourcesBuildPhase;
			buildActionMask = 2147483647;
			files = (
			);
			runOnlyForDeploymentPostprocessing = 0;
		};
		BBE8F3552503D8B7005AA922 /* Resources */ = {
			isa = PBXResourcesBuildPhase;
			buildActionMask = 2147483647;
			files = (
			);
			runOnlyForDeploymentPostprocessing = 0;
		};
/* End PBXResourcesBuildPhase section */

/* Begin PBXShellScriptBuildPhase section */
		328096BC761AF0E05AFF08F3 /* [CP] Check Pods Manifest.lock */ = {
			isa = PBXShellScriptBuildPhase;
			buildActionMask = 2147483647;
			files = (
			);
			inputFileListPaths = (
			);
			inputPaths = (
				"${PODS_PODFILE_DIR_PATH}/Podfile.lock",
				"${PODS_ROOT}/Manifest.lock",
			);
			name = "[CP] Check Pods Manifest.lock";
			outputFileListPaths = (
			);
			outputPaths = (
				"$(DERIVED_FILE_DIR)/Pods-Dont_Forget-checkManifestLockResult.txt",
			);
			runOnlyForDeploymentPostprocessing = 0;
			shellPath = /bin/sh;
			shellScript = "diff \"${PODS_PODFILE_DIR_PATH}/Podfile.lock\" \"${PODS_ROOT}/Manifest.lock\" > /dev/null\nif [ $? != 0 ] ; then\n    # print error to STDERR\n    echo \"error: The sandbox is not in sync with the Podfile.lock. Run 'pod install' or update your CocoaPods installation.\" >&2\n    exit 1\nfi\n# This output is used by Xcode 'outputs' to avoid re-running this script phase.\necho \"SUCCESS\" > \"${SCRIPT_OUTPUT_FILE_0}\"\n";
			showEnvVarsInLog = 0;
		};
		8FDA583BDC98D0E7980B7FD4 /* [CP] Embed Pods Frameworks */ = {
			isa = PBXShellScriptBuildPhase;
			buildActionMask = 2147483647;
			files = (
			);
			inputFileListPaths = (
				"${PODS_ROOT}/Target Support Files/Pods-Dont_Forget/Pods-Dont_Forget-frameworks-${CONFIGURATION}-input-files.xcfilelist",
			);
			name = "[CP] Embed Pods Frameworks";
			outputFileListPaths = (
				"${PODS_ROOT}/Target Support Files/Pods-Dont_Forget/Pods-Dont_Forget-frameworks-${CONFIGURATION}-output-files.xcfilelist",
			);
			runOnlyForDeploymentPostprocessing = 0;
			shellPath = /bin/sh;
			shellScript = "\"${PODS_ROOT}/Target Support Files/Pods-Dont_Forget/Pods-Dont_Forget-frameworks.sh\"\n";
			showEnvVarsInLog = 0;
		};
		B749A8EE2CDA8B3455B9A7B2 /* [CP] Check Pods Manifest.lock */ = {
			isa = PBXShellScriptBuildPhase;
			buildActionMask = 2147483647;
			files = (
			);
			inputFileListPaths = (
			);
			inputPaths = (
				"${PODS_PODFILE_DIR_PATH}/Podfile.lock",
				"${PODS_ROOT}/Manifest.lock",
			);
			name = "[CP] Check Pods Manifest.lock";
			outputFileListPaths = (
			);
			outputPaths = (
				"$(DERIVED_FILE_DIR)/Pods-Dont_Forget-Dont_ForgetUITests-checkManifestLockResult.txt",
			);
			runOnlyForDeploymentPostprocessing = 0;
			shellPath = /bin/sh;
			shellScript = "diff \"${PODS_PODFILE_DIR_PATH}/Podfile.lock\" \"${PODS_ROOT}/Manifest.lock\" > /dev/null\nif [ $? != 0 ] ; then\n    # print error to STDERR\n    echo \"error: The sandbox is not in sync with the Podfile.lock. Run 'pod install' or update your CocoaPods installation.\" >&2\n    exit 1\nfi\n# This output is used by Xcode 'outputs' to avoid re-running this script phase.\necho \"SUCCESS\" > \"${SCRIPT_OUTPUT_FILE_0}\"\n";
			showEnvVarsInLog = 0;
		};
		C2C74E9B7733FF2D86C61883 /* [CP] Check Pods Manifest.lock */ = {
			isa = PBXShellScriptBuildPhase;
			buildActionMask = 2147483647;
			files = (
			);
			inputFileListPaths = (
			);
			inputPaths = (
				"${PODS_PODFILE_DIR_PATH}/Podfile.lock",
				"${PODS_ROOT}/Manifest.lock",
			);
			name = "[CP] Check Pods Manifest.lock";
			outputFileListPaths = (
			);
			outputPaths = (
				"$(DERIVED_FILE_DIR)/Pods-Dont_ForgetTests-checkManifestLockResult.txt",
			);
			runOnlyForDeploymentPostprocessing = 0;
			shellPath = /bin/sh;
			shellScript = "diff \"${PODS_PODFILE_DIR_PATH}/Podfile.lock\" \"${PODS_ROOT}/Manifest.lock\" > /dev/null\nif [ $? != 0 ] ; then\n    # print error to STDERR\n    echo \"error: The sandbox is not in sync with the Podfile.lock. Run 'pod install' or update your CocoaPods installation.\" >&2\n    exit 1\nfi\n# This output is used by Xcode 'outputs' to avoid re-running this script phase.\necho \"SUCCESS\" > \"${SCRIPT_OUTPUT_FILE_0}\"\n";
			showEnvVarsInLog = 0;
		};
		F0DC461B5E026C7D593891AC /* [CP] Embed Pods Frameworks */ = {
			isa = PBXShellScriptBuildPhase;
			buildActionMask = 2147483647;
			files = (
			);
			inputFileListPaths = (
				"${PODS_ROOT}/Target Support Files/Pods-Dont_Forget-Dont_ForgetUITests/Pods-Dont_Forget-Dont_ForgetUITests-frameworks-${CONFIGURATION}-input-files.xcfilelist",
			);
			name = "[CP] Embed Pods Frameworks";
			outputFileListPaths = (
				"${PODS_ROOT}/Target Support Files/Pods-Dont_Forget-Dont_ForgetUITests/Pods-Dont_Forget-Dont_ForgetUITests-frameworks-${CONFIGURATION}-output-files.xcfilelist",
			);
			runOnlyForDeploymentPostprocessing = 0;
			shellPath = /bin/sh;
			shellScript = "\"${PODS_ROOT}/Target Support Files/Pods-Dont_Forget-Dont_ForgetUITests/Pods-Dont_Forget-Dont_ForgetUITests-frameworks.sh\"\n";
			showEnvVarsInLog = 0;
		};
/* End PBXShellScriptBuildPhase section */

/* Begin PBXSourcesBuildPhase section */
		BBE8F32F2503D8B7005AA922 /* Sources */ = {
			isa = PBXSourcesBuildPhase;
			buildActionMask = 2147483647;
			files = (
				BBE8F3372503D8B7005AA922 /* AppDelegate.swift in Sources */,
				BB55EE402505597F00D0BD55 /* AddTaskViewController.swift in Sources */,
				BB5BAA3A250877BC009F62CC /* SectionDetailTableViewCell.swift in Sources */,
				BB6BD64125040BF500D0D19C /* OnboardViewController.swift in Sources */,
				BBE8F3392503D8B7005AA922 /* SceneDelegate.swift in Sources */,
				BB702A642505701800115EDA /* SectionDetailViewController.swift in Sources */,
				BB48D5222503F798008A457E /* Utilities.swift in Sources */,
				BBEE911C2504396100E0A904 /* HomeViewController.swift in Sources */,
				BB702A6A2505E91400115EDA /* SelectSectionCollectionViewCell.swift in Sources */,
				BB74F26C2505238A00F7809C /* CoreDataManager.swift in Sources */,
				BBE8F3412503D8B7005AA922 /* Dont_Forget.xcdatamodeld in Sources */,
				BB702A682505893300115EDA /* ReminderCollectionViewCell.swift in Sources */,
			);
			runOnlyForDeploymentPostprocessing = 0;
		};
		BBE8F3482503D8B7005AA922 /* Sources */ = {
			isa = PBXSourcesBuildPhase;
			buildActionMask = 2147483647;
			files = (
				BBE8F3512503D8B7005AA922 /* Dont_ForgetTests.swift in Sources */,
			);
			runOnlyForDeploymentPostprocessing = 0;
		};
		BBE8F3532503D8B7005AA922 /* Sources */ = {
			isa = PBXSourcesBuildPhase;
			buildActionMask = 2147483647;
			files = (
				BBE8F35C2503D8B7005AA922 /* Dont_ForgetUITests.swift in Sources */,
			);
			runOnlyForDeploymentPostprocessing = 0;
		};
/* End PBXSourcesBuildPhase section */

/* Begin PBXTargetDependency section */
		BBE8F34E2503D8B7005AA922 /* PBXTargetDependency */ = {
			isa = PBXTargetDependency;
			target = BBE8F3322503D8B7005AA922 /* Dont_Forget */;
			targetProxy = BBE8F34D2503D8B7005AA922 /* PBXContainerItemProxy */;
		};
		BBE8F3592503D8B7005AA922 /* PBXTargetDependency */ = {
			isa = PBXTargetDependency;
			target = BBE8F3322503D8B7005AA922 /* Dont_Forget */;
			targetProxy = BBE8F3582503D8B7005AA922 /* PBXContainerItemProxy */;
		};
/* End PBXTargetDependency section */

/* Begin PBXVariantGroup section */
		BBE8F33C2503D8B7005AA922 /* Main.storyboard */ = {
			isa = PBXVariantGroup;
			children = (
				BBE8F33D2503D8B7005AA922 /* Base */,
			);
			name = Main.storyboard;
			sourceTree = "<group>";
		};
		BBE8F3442503D8B7005AA922 /* LaunchScreen.storyboard */ = {
			isa = PBXVariantGroup;
			children = (
				BBE8F3452503D8B7005AA922 /* Base */,
			);
			name = LaunchScreen.storyboard;
			sourceTree = "<group>";
		};
/* End PBXVariantGroup section */

/* Begin XCBuildConfiguration section */
		BBE8F35E2503D8B8005AA922 /* Debug */ = {
			isa = XCBuildConfiguration;
			buildSettings = {
				ALWAYS_SEARCH_USER_PATHS = NO;
				CLANG_ANALYZER_NONNULL = YES;
				CLANG_ANALYZER_NUMBER_OBJECT_CONVERSION = YES_AGGRESSIVE;
				CLANG_CXX_LANGUAGE_STANDARD = "gnu++14";
				CLANG_CXX_LIBRARY = "libc++";
				CLANG_ENABLE_MODULES = YES;
				CLANG_ENABLE_OBJC_ARC = YES;
				CLANG_ENABLE_OBJC_WEAK = YES;
				CLANG_WARN_BLOCK_CAPTURE_AUTORELEASING = YES;
				CLANG_WARN_BOOL_CONVERSION = YES;
				CLANG_WARN_COMMA = YES;
				CLANG_WARN_CONSTANT_CONVERSION = YES;
				CLANG_WARN_DEPRECATED_OBJC_IMPLEMENTATIONS = YES;
				CLANG_WARN_DIRECT_OBJC_ISA_USAGE = YES_ERROR;
				CLANG_WARN_DOCUMENTATION_COMMENTS = YES;
				CLANG_WARN_EMPTY_BODY = YES;
				CLANG_WARN_ENUM_CONVERSION = YES;
				CLANG_WARN_INFINITE_RECURSION = YES;
				CLANG_WARN_INT_CONVERSION = YES;
				CLANG_WARN_NON_LITERAL_NULL_CONVERSION = YES;
				CLANG_WARN_OBJC_IMPLICIT_RETAIN_SELF = YES;
				CLANG_WARN_OBJC_LITERAL_CONVERSION = YES;
				CLANG_WARN_OBJC_ROOT_CLASS = YES_ERROR;
				CLANG_WARN_RANGE_LOOP_ANALYSIS = YES;
				CLANG_WARN_STRICT_PROTOTYPES = YES;
				CLANG_WARN_SUSPICIOUS_MOVE = YES;
				CLANG_WARN_UNGUARDED_AVAILABILITY = YES_AGGRESSIVE;
				CLANG_WARN_UNREACHABLE_CODE = YES;
				CLANG_WARN__DUPLICATE_METHOD_MATCH = YES;
				COPY_PHASE_STRIP = NO;
				DEBUG_INFORMATION_FORMAT = dwarf;
				ENABLE_STRICT_OBJC_MSGSEND = YES;
				ENABLE_TESTABILITY = YES;
				GCC_C_LANGUAGE_STANDARD = gnu11;
				GCC_DYNAMIC_NO_PIC = NO;
				GCC_NO_COMMON_BLOCKS = YES;
				GCC_OPTIMIZATION_LEVEL = 0;
				GCC_PREPROCESSOR_DEFINITIONS = (
					"DEBUG=1",
					"$(inherited)",
				);
				GCC_WARN_64_TO_32_BIT_CONVERSION = YES;
				GCC_WARN_ABOUT_RETURN_TYPE = YES_ERROR;
				GCC_WARN_UNDECLARED_SELECTOR = YES;
				GCC_WARN_UNINITIALIZED_AUTOS = YES_AGGRESSIVE;
				GCC_WARN_UNUSED_FUNCTION = YES;
				GCC_WARN_UNUSED_VARIABLE = YES;
				IPHONEOS_DEPLOYMENT_TARGET = 13.7;
				MTL_ENABLE_DEBUG_INFO = INCLUDE_SOURCE;
				MTL_FAST_MATH = YES;
				ONLY_ACTIVE_ARCH = YES;
				SDKROOT = iphoneos;
				SWIFT_ACTIVE_COMPILATION_CONDITIONS = DEBUG;
				SWIFT_OPTIMIZATION_LEVEL = "-Onone";
			};
			name = Debug;
		};
		BBE8F35F2503D8B8005AA922 /* Release */ = {
			isa = XCBuildConfiguration;
			buildSettings = {
				ALWAYS_SEARCH_USER_PATHS = NO;
				CLANG_ANALYZER_NONNULL = YES;
				CLANG_ANALYZER_NUMBER_OBJECT_CONVERSION = YES_AGGRESSIVE;
				CLANG_CXX_LANGUAGE_STANDARD = "gnu++14";
				CLANG_CXX_LIBRARY = "libc++";
				CLANG_ENABLE_MODULES = YES;
				CLANG_ENABLE_OBJC_ARC = YES;
				CLANG_ENABLE_OBJC_WEAK = YES;
				CLANG_WARN_BLOCK_CAPTURE_AUTORELEASING = YES;
				CLANG_WARN_BOOL_CONVERSION = YES;
				CLANG_WARN_COMMA = YES;
				CLANG_WARN_CONSTANT_CONVERSION = YES;
				CLANG_WARN_DEPRECATED_OBJC_IMPLEMENTATIONS = YES;
				CLANG_WARN_DIRECT_OBJC_ISA_USAGE = YES_ERROR;
				CLANG_WARN_DOCUMENTATION_COMMENTS = YES;
				CLANG_WARN_EMPTY_BODY = YES;
				CLANG_WARN_ENUM_CONVERSION = YES;
				CLANG_WARN_INFINITE_RECURSION = YES;
				CLANG_WARN_INT_CONVERSION = YES;
				CLANG_WARN_NON_LITERAL_NULL_CONVERSION = YES;
				CLANG_WARN_OBJC_IMPLICIT_RETAIN_SELF = YES;
				CLANG_WARN_OBJC_LITERAL_CONVERSION = YES;
				CLANG_WARN_OBJC_ROOT_CLASS = YES_ERROR;
				CLANG_WARN_RANGE_LOOP_ANALYSIS = YES;
				CLANG_WARN_STRICT_PROTOTYPES = YES;
				CLANG_WARN_SUSPICIOUS_MOVE = YES;
				CLANG_WARN_UNGUARDED_AVAILABILITY = YES_AGGRESSIVE;
				CLANG_WARN_UNREACHABLE_CODE = YES;
				CLANG_WARN__DUPLICATE_METHOD_MATCH = YES;
				COPY_PHASE_STRIP = NO;
				DEBUG_INFORMATION_FORMAT = "dwarf-with-dsym";
				ENABLE_NS_ASSERTIONS = NO;
				ENABLE_STRICT_OBJC_MSGSEND = YES;
				GCC_C_LANGUAGE_STANDARD = gnu11;
				GCC_NO_COMMON_BLOCKS = YES;
				GCC_WARN_64_TO_32_BIT_CONVERSION = YES;
				GCC_WARN_ABOUT_RETURN_TYPE = YES_ERROR;
				GCC_WARN_UNDECLARED_SELECTOR = YES;
				GCC_WARN_UNINITIALIZED_AUTOS = YES_AGGRESSIVE;
				GCC_WARN_UNUSED_FUNCTION = YES;
				GCC_WARN_UNUSED_VARIABLE = YES;
				IPHONEOS_DEPLOYMENT_TARGET = 13.7;
				MTL_ENABLE_DEBUG_INFO = NO;
				MTL_FAST_MATH = YES;
				SDKROOT = iphoneos;
				SWIFT_COMPILATION_MODE = wholemodule;
				SWIFT_OPTIMIZATION_LEVEL = "-O";
				VALIDATE_PRODUCT = YES;
			};
			name = Release;
		};
		BBE8F3612503D8B8005AA922 /* Debug */ = {
			isa = XCBuildConfiguration;
			baseConfigurationReference = 02ADAB756F7C4A6FBE91C19E /* Pods-Dont_Forget.debug.xcconfig */;
			buildSettings = {
				ASSETCATALOG_COMPILER_APPICON_NAME = AppIcon;
				CODE_SIGN_STYLE = Automatic;
				DEVELOPMENT_TEAM = ZLCFP6QUVG;
				INFOPLIST_FILE = Dont_Forget/Info.plist;
				IPHONEOS_DEPLOYMENT_TARGET = 13.6;
				LD_RUNPATH_SEARCH_PATHS = (
					"$(inherited)",
					"@executable_path/Frameworks",
				);
				PRODUCT_BUNDLE_IDENTIFIER = "com.JoeVeverka.Dont-Forget";
				PRODUCT_NAME = "$(TARGET_NAME)";
				SWIFT_VERSION = 5.0;
				TARGETED_DEVICE_FAMILY = "1,2";
			};
			name = Debug;
		};
		BBE8F3622503D8B8005AA922 /* Release */ = {
			isa = XCBuildConfiguration;
			baseConfigurationReference = AE5B4B6E307C7DB1B33C10B9 /* Pods-Dont_Forget.release.xcconfig */;
			buildSettings = {
				ASSETCATALOG_COMPILER_APPICON_NAME = AppIcon;
				CODE_SIGN_STYLE = Automatic;
				DEVELOPMENT_TEAM = ZLCFP6QUVG;
				INFOPLIST_FILE = Dont_Forget/Info.plist;
				IPHONEOS_DEPLOYMENT_TARGET = 13.6;
				LD_RUNPATH_SEARCH_PATHS = (
					"$(inherited)",
					"@executable_path/Frameworks",
				);
				PRODUCT_BUNDLE_IDENTIFIER = "com.JoeVeverka.Dont-Forget";
				PRODUCT_NAME = "$(TARGET_NAME)";
				SWIFT_VERSION = 5.0;
				TARGETED_DEVICE_FAMILY = "1,2";
			};
			name = Release;
		};
		BBE8F3642503D8B8005AA922 /* Debug */ = {
			isa = XCBuildConfiguration;
			baseConfigurationReference = 342878B79B543ECA07880AA9 /* Pods-Dont_ForgetTests.debug.xcconfig */;
			buildSettings = {
				ALWAYS_EMBED_SWIFT_STANDARD_LIBRARIES = YES;
				BUNDLE_LOADER = "$(TEST_HOST)";
				CODE_SIGN_STYLE = Automatic;
				DEVELOPMENT_TEAM = ZLCFP6QUVG;
				INFOPLIST_FILE = Dont_ForgetTests/Info.plist;
				IPHONEOS_DEPLOYMENT_TARGET = 13.7;
				LD_RUNPATH_SEARCH_PATHS = (
					"$(inherited)",
					"@executable_path/Frameworks",
					"@loader_path/Frameworks",
				);
				PRODUCT_BUNDLE_IDENTIFIER = "com.JoeVeverka.Dont-ForgetTests";
				PRODUCT_NAME = "$(TARGET_NAME)";
				SWIFT_VERSION = 5.0;
				TARGETED_DEVICE_FAMILY = "1,2";
				TEST_HOST = "$(BUILT_PRODUCTS_DIR)/Dont_Forget.app/Dont_Forget";
			};
			name = Debug;
		};
		BBE8F3652503D8B8005AA922 /* Release */ = {
			isa = XCBuildConfiguration;
			baseConfigurationReference = 4D85BF41B03DBCD2F7B96BD4 /* Pods-Dont_ForgetTests.release.xcconfig */;
			buildSettings = {
				ALWAYS_EMBED_SWIFT_STANDARD_LIBRARIES = YES;
				BUNDLE_LOADER = "$(TEST_HOST)";
				CODE_SIGN_STYLE = Automatic;
				DEVELOPMENT_TEAM = ZLCFP6QUVG;
				INFOPLIST_FILE = Dont_ForgetTests/Info.plist;
				IPHONEOS_DEPLOYMENT_TARGET = 13.7;
				LD_RUNPATH_SEARCH_PATHS = (
					"$(inherited)",
					"@executable_path/Frameworks",
					"@loader_path/Frameworks",
				);
				PRODUCT_BUNDLE_IDENTIFIER = "com.JoeVeverka.Dont-ForgetTests";
				PRODUCT_NAME = "$(TARGET_NAME)";
				SWIFT_VERSION = 5.0;
				TARGETED_DEVICE_FAMILY = "1,2";
				TEST_HOST = "$(BUILT_PRODUCTS_DIR)/Dont_Forget.app/Dont_Forget";
			};
			name = Release;
		};
		BBE8F3672503D8B8005AA922 /* Debug */ = {
			isa = XCBuildConfiguration;
			baseConfigurationReference = 34F69848D6F2821CF5ED7BEC /* Pods-Dont_Forget-Dont_ForgetUITests.debug.xcconfig */;
			buildSettings = {
				ALWAYS_EMBED_SWIFT_STANDARD_LIBRARIES = YES;
				CODE_SIGN_STYLE = Automatic;
				DEVELOPMENT_TEAM = ZLCFP6QUVG;
				INFOPLIST_FILE = Dont_ForgetUITests/Info.plist;
				LD_RUNPATH_SEARCH_PATHS = (
					"$(inherited)",
					"@executable_path/Frameworks",
					"@loader_path/Frameworks",
				);
				PRODUCT_BUNDLE_IDENTIFIER = "com.JoeVeverka.Dont-ForgetUITests";
				PRODUCT_NAME = "$(TARGET_NAME)";
				SWIFT_VERSION = 5.0;
				TARGETED_DEVICE_FAMILY = "1,2";
				TEST_TARGET_NAME = Dont_Forget;
			};
			name = Debug;
		};
		BBE8F3682503D8B8005AA922 /* Release */ = {
			isa = XCBuildConfiguration;
			baseConfigurationReference = 71D30C5DF3A33D313CE442EB /* Pods-Dont_Forget-Dont_ForgetUITests.release.xcconfig */;
			buildSettings = {
				ALWAYS_EMBED_SWIFT_STANDARD_LIBRARIES = YES;
				CODE_SIGN_STYLE = Automatic;
				DEVELOPMENT_TEAM = ZLCFP6QUVG;
				INFOPLIST_FILE = Dont_ForgetUITests/Info.plist;
				LD_RUNPATH_SEARCH_PATHS = (
					"$(inherited)",
					"@executable_path/Frameworks",
					"@loader_path/Frameworks",
				);
				PRODUCT_BUNDLE_IDENTIFIER = "com.JoeVeverka.Dont-ForgetUITests";
				PRODUCT_NAME = "$(TARGET_NAME)";
				SWIFT_VERSION = 5.0;
				TARGETED_DEVICE_FAMILY = "1,2";
				TEST_TARGET_NAME = Dont_Forget;
			};
			name = Release;
		};
/* End XCBuildConfiguration section */

/* Begin XCConfigurationList section */
		BBE8F32E2503D8B7005AA922 /* Build configuration list for PBXProject "Dont_Forget" */ = {
			isa = XCConfigurationList;
			buildConfigurations = (
				BBE8F35E2503D8B8005AA922 /* Debug */,
				BBE8F35F2503D8B8005AA922 /* Release */,
			);
			defaultConfigurationIsVisible = 0;
			defaultConfigurationName = Release;
		};
		BBE8F3602503D8B8005AA922 /* Build configuration list for PBXNativeTarget "Dont_Forget" */ = {
			isa = XCConfigurationList;
			buildConfigurations = (
				BBE8F3612503D8B8005AA922 /* Debug */,
				BBE8F3622503D8B8005AA922 /* Release */,
			);
			defaultConfigurationIsVisible = 0;
			defaultConfigurationName = Release;
		};
		BBE8F3632503D8B8005AA922 /* Build configuration list for PBXNativeTarget "Dont_ForgetTests" */ = {
			isa = XCConfigurationList;
			buildConfigurations = (
				BBE8F3642503D8B8005AA922 /* Debug */,
				BBE8F3652503D8B8005AA922 /* Release */,
			);
			defaultConfigurationIsVisible = 0;
			defaultConfigurationName = Release;
		};
		BBE8F3662503D8B8005AA922 /* Build configuration list for PBXNativeTarget "Dont_ForgetUITests" */ = {
			isa = XCConfigurationList;
			buildConfigurations = (
				BBE8F3672503D8B8005AA922 /* Debug */,
				BBE8F3682503D8B8005AA922 /* Release */,
			);
			defaultConfigurationIsVisible = 0;
			defaultConfigurationName = Release;
		};
/* End XCConfigurationList section */

/* Begin XCVersionGroup section */
		BBE8F33F2503D8B7005AA922 /* Dont_Forget.xcdatamodeld */ = {
			isa = XCVersionGroup;
			children = (
				BBE8F3402503D8B7005AA922 /* Dont_Forget.xcdatamodel */,
			);
			currentVersion = BBE8F3402503D8B7005AA922 /* Dont_Forget.xcdatamodel */;
			path = Dont_Forget.xcdatamodeld;
			sourceTree = "<group>";
			versionGroupType = wrapper.xcdatamodel;
		};
/* End XCVersionGroup section */
	};
	rootObject = BBE8F32B2503D8B7005AA922 /* Project object */;
}
